
Microsoft Visual Studio Solution File, Format Version 12.00
# Visual Studio 15
VisualStudioVersion = 15.0.28307.329
MinimumVisualStudioVersion = 10.0.40219.1
Project("{FAE04EC0-301F-11D3-BF4B-00C04F79EFBC}") = "Photohack.Api", "Photohack.Api\Photohack.Api.csproj", "{2363A3C8-043A-439C-82FF-92CFA19AC1FA}"
EndProject
Project("{FAE04EC0-301F-11D3-BF4B-00C04F79EFBC}") = "Photohack.Services", "Photohack.Services\Photohack.Services.csproj", "{42DA6E11-4A3E-4994-822C-9FE14A4DC3B6}"
EndProject
Project("{FAE04EC0-301F-11D3-BF4B-00C04F79EFBC}") = "Photohack.Models", "Photohack.Models\Photohack.Models.csproj", "{0DEFEF1A-F75C-4668-80F3-FD2B913524B3}"
EndProject
Global
	GlobalSection(SolutionConfigurationPlatforms) = preSolution
		Debug|Any CPU = Debug|Any CPU
		Release|Any CPU = Release|Any CPU
	EndGlobalSection
	GlobalSection(ProjectConfigurationPlatforms) = postSolution
		{2363A3C8-043A-439C-82FF-92CFA19AC1FA}.Debug|Any CPU.ActiveCfg = Debug|Any CPU
		{2363A3C8-043A-439C-82FF-92CFA19AC1FA}.Debug|Any CPU.Build.0 = Debug|Any CPU
		{2363A3C8-043A-439C-82FF-92CFA19AC1FA}.Release|Any CPU.ActiveCfg = Release|Any CPU
		{2363A3C8-043A-439C-82FF-92CFA19AC1FA}.Release|Any CPU.Build.0 = Release|Any CPU
		{42DA6E11-4A3E-4994-822C-9FE14A4DC3B6}.Debug|Any CPU.ActiveCfg = Debug|Any CPU
		{42DA6E11-4A3E-4994-822C-9FE14A4DC3B6}.Debug|Any CPU.Build.0 = Debug|Any CPU
		{42DA6E11-4A3E-4994-822C-9FE14A4DC3B6}.Release|Any CPU.ActiveCfg = Release|Any CPU
		{42DA6E11-4A3E-4994-822C-9FE14A4DC3B6}.Release|Any CPU.Build.0 = Release|Any CPU
		{0DEFEF1A-F75C-4668-80F3-FD2B913524B3}.Debug|Any CPU.ActiveCfg = Debug|Any CPU
		{0DEFEF1A-F75C-4668-80F3-FD2B913524B3}.Debug|Any CPU.Build.0 = Debug|Any CPU
		{0DEFEF1A-F75C-4668-80F3-FD2B913524B3}.Release|Any CPU.ActiveCfg = Release|Any CPU
		{0DEFEF1A-F75C-4668-80F3-FD2B913524B3}.Release|Any CPU.Build.0 = Release|Any CPU
	EndGlobalSection
	GlobalSection(SolutionProperties) = preSolution
		HideSolutionNode = FALSE
	EndGlobalSection
	GlobalSection(ExtensibilityGlobals) = postSolution
		SolutionGuid = {F22A398B-FBA5-4C7A-BA04-2C7732C2A278}
	EndGlobalSection
EndGlobal
